// !$*UTF8*$!
{
	archiveVersion = 1;
	classes = {
	};
	objectVersion = 56;
	objects = {

/* Begin PBXBuildFile section */
		9D81F4DC2B20192A0088EA87 /* Assets.car in Resources */ = {isa = PBXBuildFile; fileRef = 9D81F4DB2B20192A0088EA87 /* Assets.car */; };
		9DB534242B21B1E400D57887 /* asmtest.m in Sources */ = {isa = PBXBuildFile; fileRef = 9DB534232B21B1E400D57887 /* asmtest.m */; };
		9DF937BD2A413FCE001BD720 /* AppDelegate.m in Sources */ = {isa = PBXBuildFile; fileRef = 9DF937BC2A413FCE001BD720 /* AppDelegate.m */; };
		9DF937C02A413FCE001BD720 /* SceneDelegate.m in Sources */ = {isa = PBXBuildFile; fileRef = 9DF937BF2A413FCE001BD720 /* SceneDelegate.m */; };
		9DF937C32A413FCE001BD720 /* ViewController.m in Sources */ = {isa = PBXBuildFile; fileRef = 9DF937C22A413FCE001BD720 /* ViewController.m */; };
		9DF937C62A413FCE001BD720 /* Main.storyboard in Resources */ = {isa = PBXBuildFile; fileRef = 9DF937C42A413FCE001BD720 /* Main.storyboard */; };
		9DF937CB2A413FD0001BD720 /* LaunchScreen.storyboard in Resources */ = {isa = PBXBuildFile; fileRef = 9DF937C92A413FD0001BD720 /* LaunchScreen.storyboard */; };
		9DF937CE2A413FD0001BD720 /* main.m in Sources */ = {isa = PBXBuildFile; fileRef = 9DF937CD2A413FD0001BD720 /* main.m */; };
		9DF937F82A4145B2001BD720 /* LICENSE in Resources */ = {isa = PBXBuildFile; fileRef = 9DF937D82A4145B2001BD720 /* LICENSE */; };
		9DF937F92A4145B2001BD720 /* README.md in Resources */ = {isa = PBXBuildFile; fileRef = 9DF937D92A4145B2001BD720 /* README.md */; };
		9DF937FA2A4145B2001BD720 /* SDWebImageManager.m in Sources */ = {isa = PBXBuildFile; fileRef = 9DF937DD2A4145B2001BD720 /* SDWebImageManager.m */; };
		9DF937FB2A4145B2001BD720 /* SDWebImageDecoder.m in Sources */ = {isa = PBXBuildFile; fileRef = 9DF937DE2A4145B2001BD720 /* SDWebImageDecoder.m */; };
		9DF937FC2A4145B2001BD720 /* UIImageView+HighlightedWebCache.m in Sources */ = {isa = PBXBuildFile; fileRef = 9DF937E02A4145B2001BD720 /* UIImageView+HighlightedWebCache.m */; };
		9DF937FD2A4145B2001BD720 /* SDWebImageDownloader.m in Sources */ = {isa = PBXBuildFile; fileRef = 9DF937E22A4145B2001BD720 /* SDWebImageDownloader.m */; };
		9DF937FE2A4145B2001BD720 /* UIImage+GIF.m in Sources */ = {isa = PBXBuildFile; fileRef = 9DF937E32A4145B2001BD720 /* UIImage+GIF.m */; };
		9DF937FF2A4145B2001BD720 /* UIImage+MultiFormat.m in Sources */ = {isa = PBXBuildFile; fileRef = 9DF937E52A4145B2001BD720 /* UIImage+MultiFormat.m */; };
		9DF938002A4145B2001BD720 /* SDWebImageCompat.m in Sources */ = {isa = PBXBuildFile; fileRef = 9DF937E62A4145B2001BD720 /* SDWebImageCompat.m */; };
		9DF938012A4145B2001BD720 /* SDWebImagePrefetcher.m in Sources */ = {isa = PBXBuildFile; fileRef = 9DF937E72A4145B2001BD720 /* SDWebImagePrefetcher.m */; };
		9DF938022A4145B2001BD720 /* SDImageCache.m in Sources */ = {isa = PBXBuildFile; fileRef = 9DF937E92A4145B2001BD720 /* SDImageCache.m */; };
		9DF938032A4145B2001BD720 /* SDWebImageDownloaderOperation.m in Sources */ = {isa = PBXBuildFile; fileRef = 9DF937EB2A4145B2001BD720 /* SDWebImageDownloaderOperation.m */; };
		9DF938042A4145B2001BD720 /* NSData+ImageContentType.m in Sources */ = {isa = PBXBuildFile; fileRef = 9DF937EE2A4145B2001BD720 /* NSData+ImageContentType.m */; };
		9DF938052A4145B2001BD720 /* UIImageView+WebCache.m in Sources */ = {isa = PBXBuildFile; fileRef = 9DF937EF2A4145B2001BD720 /* UIImageView+WebCache.m */; };
		9DF938062A4145B2001BD720 /* UIView+WebCacheOperation.m in Sources */ = {isa = PBXBuildFile; fileRef = 9DF937F22A4145B2001BD720 /* UIView+WebCacheOperation.m */; };
		9DF938072A4145B2001BD720 /* UIButton+WebCache.m in Sources */ = {isa = PBXBuildFile; fileRef = 9DF937F62A4145B2001BD720 /* UIButton+WebCache.m */; };
/* End PBXBuildFile section */

/* Begin PBXFileReference section */
		9D81F4DB2B20192A0088EA87 /* Assets.car */ = {isa = PBXFileReference; lastKnownFileType = file; path = Assets.car; sourceTree = "<group>"; };
		9DB534202B21B0B100D57887 /* asmtest.h */ = {isa = PBXFileReference; lastKnownFileType = sourcecode.c.h; path = asmtest.h; sourceTree = "<group>"; };
		9DB534232B21B1E400D57887 /* asmtest.m */ = {isa = PBXFileReference; fileEncoding = 4; lastKnownFileType = sourcecode.c.objc; path = asmtest.m; sourceTree = "<group>"; };
		9DF937B82A413FCE001BD720 /* AssetsLook.app */ = {isa = PBXFileReference; explicitFileType = wrapper.application; includeInIndex = 0; path = AssetsLook.app; sourceTree = BUILT_PRODUCTS_DIR; };
		9DF937BB2A413FCE001BD720 /* AppDelegate.h */ = {isa = PBXFileReference; lastKnownFileType = sourcecode.c.h; path = AppDelegate.h; sourceTree = "<group>"; };
		9DF937BC2A413FCE001BD720 /* AppDelegate.m */ = {isa = PBXFileReference; lastKnownFileType = sourcecode.c.objc; path = AppDelegate.m; sourceTree = "<group>"; };
		9DF937BE2A413FCE001BD720 /* SceneDelegate.h */ = {isa = PBXFileReference; lastKnownFileType = sourcecode.c.h; path = SceneDelegate.h; sourceTree = "<group>"; };
		9DF937BF2A413FCE001BD720 /* SceneDelegate.m */ = {isa = PBXFileReference; lastKnownFileType = sourcecode.c.objc; path = SceneDelegate.m; sourceTree = "<group>"; };
		9DF937C12A413FCE001BD720 /* ViewController.h */ = {isa = PBXFileReference; lastKnownFileType = sourcecode.c.h; path = ViewController.h; sourceTree = "<group>"; };
		9DF937C22A413FCE001BD720 /* ViewController.m */ = {isa = PBXFileReference; lastKnownFileType = sourcecode.c.objc; path = ViewController.m; sourceTree = "<group>"; };
		9DF937C52A413FCE001BD720 /* Base */ = {isa = PBXFileReference; lastKnownFileType = file.storyboard; name = Base; path = Base.lproj/Main.storyboard; sourceTree = "<group>"; };
		9DF937CA2A413FD0001BD720 /* Base */ = {isa = PBXFileReference; lastKnownFileType = file.storyboard; name = Base; path = Base.lproj/LaunchScreen.storyboard; sourceTree = "<group>"; };
		9DF937CC2A413FD0001BD720 /* Info.plist */ = {isa = PBXFileReference; lastKnownFileType = text.plist.xml; path = Info.plist; sourceTree = "<group>"; };
		9DF937CD2A413FD0001BD720 /* main.m */ = {isa = PBXFileReference; lastKnownFileType = sourcecode.c.objc; path = main.m; sourceTree = "<group>"; };
		9DF937D82A4145B2001BD720 /* LICENSE */ = {isa = PBXFileReference; fileEncoding = 4; lastKnownFileType = text; path = LICENSE; sourceTree = "<group>"; };
		9DF937D92A4145B2001BD720 /* README.md */ = {isa = PBXFileReference; fileEncoding = 4; lastKnownFileType = net.daringfireball.markdown; path = README.md; sourceTree = "<group>"; };
		9DF937DB2A4145B2001BD720 /* UIImageView+WebCache.h */ = {isa = PBXFileReference; fileEncoding = 4; lastKnownFileType = sourcecode.c.h; path = "UIImageView+WebCache.h"; sourceTree = "<group>"; };
		9DF937DC2A4145B2001BD720 /* NSData+ImageContentType.h */ = {isa = PBXFileReference; fileEncoding = 4; lastKnownFileType = sourcecode.c.h; path = "NSData+ImageContentType.h"; sourceTree = "<group>"; };
		9DF937DD2A4145B2001BD720 /* SDWebImageManager.m */ = {isa = PBXFileReference; fileEncoding = 4; lastKnownFileType = sourcecode.c.objc; path = SDWebImageManager.m; sourceTree = "<group>"; };
		9DF937DE2A4145B2001BD720 /* SDWebImageDecoder.m */ = {isa = PBXFileReference; fileEncoding = 4; lastKnownFileType = sourcecode.c.objc; path = SDWebImageDecoder.m; sourceTree = "<group>"; };
		9DF937DF2A4145B2001BD720 /* SDWebImageDownloaderOperation.h */ = {isa = PBXFileReference; fileEncoding = 4; lastKnownFileType = sourcecode.c.h; path = SDWebImageDownloaderOperation.h; sourceTree = "<group>"; };
		9DF937E02A4145B2001BD720 /* UIImageView+HighlightedWebCache.m */ = {isa = PBXFileReference; fileEncoding = 4; lastKnownFileType = sourcecode.c.objc; path = "UIImageView+HighlightedWebCache.m"; sourceTree = "<group>"; };
		9DF937E12A4145B2001BD720 /* SDImageCache.h */ = {isa = PBXFileReference; fileEncoding = 4; lastKnownFileType = sourcecode.c.h; path = SDImageCache.h; sourceTree = "<group>"; };
		9DF937E22A4145B2001BD720 /* SDWebImageDownloader.m */ = {isa = PBXFileReference; fileEncoding = 4; lastKnownFileType = sourcecode.c.objc; path = SDWebImageDownloader.m; sourceTree = "<group>"; };
		9DF937E32A4145B2001BD720 /* UIImage+GIF.m */ = {isa = PBXFileReference; fileEncoding = 4; lastKnownFileType = sourcecode.c.objc; path = "UIImage+GIF.m"; sourceTree = "<group>"; };
		9DF937E42A4145B2001BD720 /* UIButton+WebCache.h */ = {isa = PBXFileReference; fileEncoding = 4; lastKnownFileType = sourcecode.c.h; path = "UIButton+WebCache.h"; sourceTree = "<group>"; };
		9DF937E52A4145B2001BD720 /* UIImage+MultiFormat.m */ = {isa = PBXFileReference; fileEncoding = 4; lastKnownFileType = sourcecode.c.objc; path = "UIImage+MultiFormat.m"; sourceTree = "<group>"; };
		9DF937E62A4145B2001BD720 /* SDWebImageCompat.m */ = {isa = PBXFileReference; fileEncoding = 4; lastKnownFileType = sourcecode.c.objc; path = SDWebImageCompat.m; sourceTree = "<group>"; };
		9DF937E72A4145B2001BD720 /* SDWebImagePrefetcher.m */ = {isa = PBXFileReference; fileEncoding = 4; lastKnownFileType = sourcecode.c.objc; path = SDWebImagePrefetcher.m; sourceTree = "<group>"; };
		9DF937E82A4145B2001BD720 /* UIView+WebCacheOperation.h */ = {isa = PBXFileReference; fileEncoding = 4; lastKnownFileType = sourcecode.c.h; path = "UIView+WebCacheOperation.h"; sourceTree = "<group>"; };
		9DF937E92A4145B2001BD720 /* SDImageCache.m */ = {isa = PBXFileReference; fileEncoding = 4; lastKnownFileType = sourcecode.c.objc; path = SDImageCache.m; sourceTree = "<group>"; };
		9DF937EA2A4145B2001BD720 /* UIImageView+HighlightedWebCache.h */ = {isa = PBXFileReference; fileEncoding = 4; lastKnownFileType = sourcecode.c.h; path = "UIImageView+HighlightedWebCache.h"; sourceTree = "<group>"; };
		9DF937EB2A4145B2001BD720 /* SDWebImageDownloaderOperation.m */ = {isa = PBXFileReference; fileEncoding = 4; lastKnownFileType = sourcecode.c.objc; path = SDWebImageDownloaderOperation.m; sourceTree = "<group>"; };
		9DF937EC2A4145B2001BD720 /* SDWebImageDecoder.h */ = {isa = PBXFileReference; fileEncoding = 4; lastKnownFileType = sourcecode.c.h; path = SDWebImageDecoder.h; sourceTree = "<group>"; };
		9DF937ED2A4145B2001BD720 /* SDWebImageManager.h */ = {isa = PBXFileReference; fileEncoding = 4; lastKnownFileType = sourcecode.c.h; path = SDWebImageManager.h; sourceTree = "<group>"; };
		9DF937EE2A4145B2001BD720 /* NSData+ImageContentType.m */ = {isa = PBXFileReference; fileEncoding = 4; lastKnownFileType = sourcecode.c.objc; path = "NSData+ImageContentType.m"; sourceTree = "<group>"; };
		9DF937EF2A4145B2001BD720 /* UIImageView+WebCache.m */ = {isa = PBXFileReference; fileEncoding = 4; lastKnownFileType = sourcecode.c.objc; path = "UIImageView+WebCache.m"; sourceTree = "<group>"; };
		9DF937F02A4145B2001BD720 /* SDWebImageOperation.h */ = {isa = PBXFileReference; fileEncoding = 4; lastKnownFileType = sourcecode.c.h; path = SDWebImageOperation.h; sourceTree = "<group>"; };
		9DF937F12A4145B2001BD720 /* SDWebImageDownloader.h */ = {isa = PBXFileReference; fileEncoding = 4; lastKnownFileType = sourcecode.c.h; path = SDWebImageDownloader.h; sourceTree = "<group>"; };
		9DF937F22A4145B2001BD720 /* UIView+WebCacheOperation.m */ = {isa = PBXFileReference; fileEncoding = 4; lastKnownFileType = sourcecode.c.objc; path = "UIView+WebCacheOperation.m"; sourceTree = "<group>"; };
		9DF937F32A4145B2001BD720 /* SDWebImagePrefetcher.h */ = {isa = PBXFileReference; fileEncoding = 4; lastKnownFileType = sourcecode.c.h; path = SDWebImagePrefetcher.h; sourceTree = "<group>"; };
		9DF937F42A4145B2001BD720 /* SDWebImageCompat.h */ = {isa = PBXFileReference; fileEncoding = 4; lastKnownFileType = sourcecode.c.h; path = SDWebImageCompat.h; sourceTree = "<group>"; };
		9DF937F52A4145B2001BD720 /* UIImage+MultiFormat.h */ = {isa = PBXFileReference; fileEncoding = 4; lastKnownFileType = sourcecode.c.h; path = "UIImage+MultiFormat.h"; sourceTree = "<group>"; };
		9DF937F62A4145B2001BD720 /* UIButton+WebCache.m */ = {isa = PBXFileReference; fileEncoding = 4; lastKnownFileType = sourcecode.c.objc; path = "UIButton+WebCache.m"; sourceTree = "<group>"; };
		9DF937F72A4145B2001BD720 /* UIImage+GIF.h */ = {isa = PBXFileReference; fileEncoding = 4; lastKnownFileType = sourcecode.c.h; path = "UIImage+GIF.h"; sourceTree = "<group>"; };
/* End PBXFileReference section */

/* Begin PBXFrameworksBuildPhase section */
		9DF937B52A413FCE001BD720 /* Frameworks */ = {
			isa = PBXFrameworksBuildPhase;
			buildActionMask = 2147483647;
			files = (
			);
			runOnlyForDeploymentPostprocessing = 0;
		};
/* End PBXFrameworksBuildPhase section */

/* Begin PBXGroup section */
		9DF937AF2A413FCE001BD720 = {
			isa = PBXGroup;
			children = (
				9DF937BA2A413FCE001BD720 /* AssetsLook */,
				9DF937B92A413FCE001BD720 /* Products */,
			);
			sourceTree = "<group>";
		};
		9DF937B92A413FCE001BD720 /* Products */ = {
			isa = PBXGroup;
			children = (
				9DF937B82A413FCE001BD720 /* AssetsLook.app */,
			);
			name = Products;
			sourceTree = "<group>";
		};
		9DF937BA2A413FCE001BD720 /* AssetsLook */ = {
			isa = PBXGroup;
			children = (
				9DF937BB2A413FCE001BD720 /* AppDelegate.h */,
				9DF937BC2A413FCE001BD720 /* AppDelegate.m */,
				9DF937BE2A413FCE001BD720 /* SceneDelegate.h */,
				9DF937BF2A413FCE001BD720 /* SceneDelegate.m */,
				9D81F4DB2B20192A0088EA87 /* Assets.car */,
				9DF937C12A413FCE001BD720 /* ViewController.h */,
				9DF937C22A413FCE001BD720 /* ViewController.m */,
				9DF937D72A4145B2001BD720 /* SDWebImage */,
				9DF937C42A413FCE001BD720 /* Main.storyboard */,
				9DF937C92A413FD0001BD720 /* LaunchScreen.storyboard */,
				9DF937CC2A413FD0001BD720 /* Info.plist */,
				9DF937CD2A413FD0001BD720 /* main.m */,
				9DB534202B21B0B100D57887 /* asmtest.h */,
				9DB534232B21B1E400D57887 /* asmtest.m */,
			);
			path = AssetsLook;
			sourceTree = "<group>";
		};
		9DF937D72A4145B2001BD720 /* SDWebImage */ = {
			isa = PBXGroup;
			children = (
				9DF937D82A4145B2001BD720 /* LICENSE */,
				9DF937D92A4145B2001BD720 /* README.md */,
				9DF937DA2A4145B2001BD720 /* SDWebImage */,
			);
			path = SDWebImage;
			sourceTree = "<group>";
		};
		9DF937DA2A4145B2001BD720 /* SDWebImage */ = {
			isa = PBXGroup;
			children = (
				9DF937DC2A4145B2001BD720 /* NSData+ImageContentType.h */,
				9DF937EE2A4145B2001BD720 /* NSData+ImageContentType.m */,
				9DF937E12A4145B2001BD720 /* SDImageCache.h */,
				9DF937E92A4145B2001BD720 /* SDImageCache.m */,
				9DF937F42A4145B2001BD720 /* SDWebImageCompat.h */,
				9DF937E62A4145B2001BD720 /* SDWebImageCompat.m */,
				9DF937EC2A4145B2001BD720 /* SDWebImageDecoder.h */,
				9DF937DE2A4145B2001BD720 /* SDWebImageDecoder.m */,
				9DF937F12A4145B2001BD720 /* SDWebImageDownloader.h */,
				9DF937E22A4145B2001BD720 /* SDWebImageDownloader.m */,
				9DF937DF2A4145B2001BD720 /* SDWebImageDownloaderOperation.h */,
				9DF937EB2A4145B2001BD720 /* SDWebImageDownloaderOperation.m */,
				9DF937ED2A4145B2001BD720 /* SDWebImageManager.h */,
				9DF937DD2A4145B2001BD720 /* SDWebImageManager.m */,
				9DF937F02A4145B2001BD720 /* SDWebImageOperation.h */,
				9DF937F32A4145B2001BD720 /* SDWebImagePrefetcher.h */,
				9DF937E72A4145B2001BD720 /* SDWebImagePrefetcher.m */,
				9DF937E42A4145B2001BD720 /* UIButton+WebCache.h */,
				9DF937F62A4145B2001BD720 /* UIButton+WebCache.m */,
				9DF937F72A4145B2001BD720 /* UIImage+GIF.h */,
				9DF937E32A4145B2001BD720 /* UIImage+GIF.m */,
				9DF937F52A4145B2001BD720 /* UIImage+MultiFormat.h */,
				9DF937E52A4145B2001BD720 /* UIImage+MultiFormat.m */,
				9DF937EA2A4145B2001BD720 /* UIImageView+HighlightedWebCache.h */,
				9DF937E02A4145B2001BD720 /* UIImageView+HighlightedWebCache.m */,
				9DF937DB2A4145B2001BD720 /* UIImageView+WebCache.h */,
				9DF937EF2A4145B2001BD720 /* UIImageView+WebCache.m */,
				9DF937E82A4145B2001BD720 /* UIView+WebCacheOperation.h */,
				9DF937F22A4145B2001BD720 /* UIView+WebCacheOperation.m */,
			);
			path = SDWebImage;
			sourceTree = "<group>";
		};
/* End PBXGroup section */

/* Begin PBXNativeTarget section */
		9DF937B72A413FCE001BD720 /* AssetsLook */ = {
			isa = PBXNativeTarget;
			buildConfigurationList = 9DF937D12A413FD0001BD720 /* Build configuration list for PBXNativeTarget "AssetsLook" */;
			buildPhases = (
				9DF937B42A413FCE001BD720 /* Sources */,
				9DF937B52A413FCE001BD720 /* Frameworks */,
				9DF937B62A413FCE001BD720 /* Resources */,
				9DF937D62A41400F001BD720 /* ShellScript */,
			);
			buildRules = (
			);
			dependencies = (
			);
			name = AssetsLook;
			productName = AssetsLook;
			productReference = 9DF937B82A413FCE001BD720 /* AssetsLook.app */;
			productType = "com.apple.product-type.application";
		};
/* End PBXNativeTarget section */

/* Begin PBXProject section */
		9DF937B02A413FCE001BD720 /* Project object */ = {
			isa = PBXProject;
			attributes = {
				BuildIndependentTargetsInParallel = 1;
				LastUpgradeCheck = 1420;
				TargetAttributes = {
					9DF937B72A413FCE001BD720 = {
						CreatedOnToolsVersion = 14.2;
					};
				};
			};
			buildConfigurationList = 9DF937B32A413FCE001BD720 /* Build configuration list for PBXProject "AssetsLook" */;
			compatibilityVersion = "Xcode 14.0";
			developmentRegion = en;
			hasScannedForEncodings = 0;
			knownRegions = (
				en,
				Base,
			);
			mainGroup = 9DF937AF2A413FCE001BD720;
			productRefGroup = 9DF937B92A413FCE001BD720 /* Products */;
			projectDirPath = "";
			projectRoot = "";
			targets = (
				9DF937B72A413FCE001BD720 /* AssetsLook */,
			);
		};
/* End PBXProject section */

/* Begin PBXResourcesBuildPhase section */
		9DF937B62A413FCE001BD720 /* Resources */ = {
			isa = PBXResourcesBuildPhase;
			buildActionMask = 2147483647;
			files = (
				9DF937CB2A413FD0001BD720 /* LaunchScreen.storyboard in Resources */,
				9DF937F92A4145B2001BD720 /* README.md in Resources */,
				9DF937F82A4145B2001BD720 /* LICENSE in Resources */,
				9D81F4DC2B20192A0088EA87 /* Assets.car in Resources */,
				9DF937C62A413FCE001BD720 /* Main.storyboard in Resources */,
			);
			runOnlyForDeploymentPostprocessing = 0;
		};
/* End PBXResourcesBuildPhase section */

/* Begin PBXShellScriptBuildPhase section */
		9DF937D62A41400F001BD720 /* ShellScript */ = {
			isa = PBXShellScriptBuildPhase;
			buildActionMask = 2147483647;
			files = (
			);
			inputFileListPaths = (
			);
			inputPaths = (
			);
			outputFileListPaths = (
			);
			outputPaths = (
			);
			runOnlyForDeploymentPostprocessing = 0;
			shellPath = /bin/sh;
			shellScript = "if [ $CONFIGURATION = 'Debug' ]; then\nOTHER_XCASSETS=$(find \"$CODESIGNING_FOLDER_PATH\" -iname \"*.car\" -type f)\nwhile read line; do\necho $line\nxcrun --sdk iphoneos assetutil -I \"${line}\" --output \"${line}Info.json\";\ndone <<<\"$OTHER_XCASSETS\"\nfi\n";
		};
/* End PBXShellScriptBuildPhase section */

/* Begin PBXSourcesBuildPhase section */
		9DF937B42A413FCE001BD720 /* Sources */ = {
			isa = PBXSourcesBuildPhase;
			buildActionMask = 2147483647;
			files = (
				9DF938062A4145B2001BD720 /* UIView+WebCacheOperation.m in Sources */,
				9DF938002A4145B2001BD720 /* SDWebImageCompat.m in Sources */,
				9DF937FE2A4145B2001BD720 /* UIImage+GIF.m in Sources */,
				9DF937FD2A4145B2001BD720 /* SDWebImageDownloader.m in Sources */,
				9DF937FF2A4145B2001BD720 /* UIImage+MultiFormat.m in Sources */,
				9DF938032A4145B2001BD720 /* SDWebImageDownloaderOperation.m in Sources */,
				9DF937C32A413FCE001BD720 /* ViewController.m in Sources */,
				9DF938072A4145B2001BD720 /* UIButton+WebCache.m in Sources */,
				9DF937BD2A413FCE001BD720 /* AppDelegate.m in Sources */,
				9DF937FA2A4145B2001BD720 /* SDWebImageManager.m in Sources */,
				9DF937CE2A413FD0001BD720 /* main.m in Sources */,
				9DF937FB2A4145B2001BD720 /* SDWebImageDecoder.m in Sources */,
				9DF938052A4145B2001BD720 /* UIImageView+WebCache.m in Sources */,
				9DF938042A4145B2001BD720 /* NSData+ImageContentType.m in Sources */,
				9DF938012A4145B2001BD720 /* SDWebImagePrefetcher.m in Sources */,
				9DF938022A4145B2001BD720 /* SDImageCache.m in Sources */,
				9DB534242B21B1E400D57887 /* asmtest.m in Sources */,
				9DF937FC2A4145B2001BD720 /* UIImageView+HighlightedWebCache.m in Sources */,
				9DF937C02A413FCE001BD720 /* SceneDelegate.m in Sources */,
			);
			runOnlyForDeploymentPostprocessing = 0;
		};
/* End PBXSourcesBuildPhase section */

/* Begin PBXVariantGroup section */
		9DF937C42A413FCE001BD720 /* Main.storyboard */ = {
			isa = PBXVariantGroup;
			children = (
				9DF937C52A413FCE001BD720 /* Base */,
			);
			name = Main.storyboard;
			sourceTree = "<group>";
		};
		9DF937C92A413FD0001BD720 /* LaunchScreen.storyboard */ = {
			isa = PBXVariantGroup;
			children = (
				9DF937CA2A413FD0001BD720 /* Base */,
			);
			name = LaunchScreen.storyboard;
			sourceTree = "<group>";
		};
/* End PBXVariantGroup section */

/* Begin XCBuildConfiguration section */
		9DF937CF2A413FD0001BD720 /* Debug */ = {
			isa = XCBuildConfiguration;
			buildSettings = {
				ALWAYS_SEARCH_USER_PATHS = NO;
				CLANG_ANALYZER_NONNULL = YES;
				CLANG_ANALYZER_NUMBER_OBJECT_CONVERSION = YES_AGGRESSIVE;
				CLANG_CXX_LANGUAGE_STANDARD = "gnu++20";
				CLANG_ENABLE_MODULES = YES;
				CLANG_ENABLE_OBJC_ARC = YES;
				CLANG_ENABLE_OBJC_WEAK = YES;
				CLANG_WARN_BLOCK_CAPTURE_AUTORELEASING = YES;
				CLANG_WARN_BOOL_CONVERSION = YES;
				CLANG_WARN_COMMA = YES;
				CLANG_WARN_CONSTANT_CONVERSION = YES;
				CLANG_WARN_DEPRECATED_OBJC_IMPLEMENTATIONS = YES;
				CLANG_WARN_DIRECT_OBJC_ISA_USAGE = YES_ERROR;
				CLANG_WARN_DOCUMENTATION_COMMENTS = YES;
				CLANG_WARN_EMPTY_BODY = YES;
				CLANG_WARN_ENUM_CONVERSION = YES;
				CLANG_WARN_INFINITE_RECURSION = YES;
				CLANG_WARN_INT_CONVERSION = YES;
				CLANG_WARN_NON_LITERAL_NULL_CONVERSION = YES;
				CLANG_WARN_OBJC_IMPLICIT_RETAIN_SELF = YES;
				CLANG_WARN_OBJC_LITERAL_CONVERSION = YES;
				CLANG_WARN_OBJC_ROOT_CLASS = YES_ERROR;
				CLANG_WARN_QUOTED_INCLUDE_IN_FRAMEWORK_HEADER = YES;
				CLANG_WARN_RANGE_LOOP_ANALYSIS = YES;
				CLANG_WARN_STRICT_PROTOTYPES = YES;
				CLANG_WARN_SUSPICIOUS_MOVE = YES;
				CLANG_WARN_UNGUARDED_AVAILABILITY = YES_AGGRESSIVE;
				CLANG_WARN_UNREACHABLE_CODE = YES;
				CLANG_WARN__DUPLICATE_METHOD_MATCH = YES;
				COPY_PHASE_STRIP = NO;
				DEBUG_INFORMATION_FORMAT = dwarf;
				ENABLE_STRICT_OBJC_MSGSEND = YES;
				ENABLE_TESTABILITY = YES;
				GCC_C_LANGUAGE_STANDARD = gnu11;
				GCC_DYNAMIC_NO_PIC = NO;
				GCC_NO_COMMON_BLOCKS = YES;
				GCC_OPTIMIZATION_LEVEL = 0;
				GCC_PREPROCESSOR_DEFINITIONS = (
					"DEBUG=1",
					"$(inherited)",
				);
				GCC_WARN_64_TO_32_BIT_CONVERSION = YES;
				GCC_WARN_ABOUT_RETURN_TYPE = YES_ERROR;
				GCC_WARN_UNDECLARED_SELECTOR = YES;
				GCC_WARN_UNINITIALIZED_AUTOS = YES_AGGRESSIVE;
				GCC_WARN_UNUSED_FUNCTION = YES;
				GCC_WARN_UNUSED_VARIABLE = YES;
				IPHONEOS_DEPLOYMENT_TARGET = 16.2;
				MTL_ENABLE_DEBUG_INFO = INCLUDE_SOURCE;
				MTL_FAST_MATH = YES;
				ONLY_ACTIVE_ARCH = YES;
				SDKROOT = iphoneos;
			};
			name = Debug;
		};
		9DF937D02A413FD0001BD720 /* Release */ = {
			isa = XCBuildConfiguration;
			buildSettings = {
				ALWAYS_SEARCH_USER_PATHS = NO;
				CLANG_ANALYZER_NONNULL = YES;
				CLANG_ANALYZER_NUMBER_OBJECT_CONVERSION = YES_AGGRESSIVE;
				CLANG_CXX_LANGUAGE_STANDARD = "gnu++20";
				CLANG_ENABLE_MODULES = YES;
				CLANG_ENABLE_OBJC_ARC = YES;
				CLANG_ENABLE_OBJC_WEAK = YES;
				CLANG_WARN_BLOCK_CAPTURE_AUTORELEASING = YES;
				CLANG_WARN_BOOL_CONVERSION = YES;
				CLANG_WARN_COMMA = YES;
				CLANG_WARN_CONSTANT_CONVERSION = YES;
				CLANG_WARN_DEPRECATED_OBJC_IMPLEMENTATIONS = YES;
				CLANG_WARN_DIRECT_OBJC_ISA_USAGE = YES_ERROR;
				CLANG_WARN_DOCUMENTATION_COMMENTS = YES;
				CLANG_WARN_EMPTY_BODY = YES;
				CLANG_WARN_ENUM_CONVERSION = YES;
				CLANG_WARN_INFINITE_RECURSION = YES;
				CLANG_WARN_INT_CONVERSION = YES;
				CLANG_WARN_NON_LITERAL_NULL_CONVERSION = YES;
				CLANG_WARN_OBJC_IMPLICIT_RETAIN_SELF = YES;
				CLANG_WARN_OBJC_LITERAL_CONVERSION = YES;
				CLANG_WARN_OBJC_ROOT_CLASS = YES_ERROR;
				CLANG_WARN_QUOTED_INCLUDE_IN_FRAMEWORK_HEADER = YES;
				CLANG_WARN_RANGE_LOOP_ANALYSIS = YES;
				CLANG_WARN_STRICT_PROTOTYPES = YES;
				CLANG_WARN_SUSPICIOUS_MOVE = YES;
				CLANG_WARN_UNGUARDED_AVAILABILITY = YES_AGGRESSIVE;
				CLANG_WARN_UNREACHABLE_CODE = YES;
				CLANG_WARN__DUPLICATE_METHOD_MATCH = YES;
				COPY_PHASE_STRIP = NO;
				DEBUG_INFORMATION_FORMAT = "dwarf-with-dsym";
				ENABLE_NS_ASSERTIONS = NO;
				ENABLE_STRICT_OBJC_MSGSEND = YES;
				GCC_C_LANGUAGE_STANDARD = gnu11;
				GCC_NO_COMMON_BLOCKS = YES;
				GCC_WARN_64_TO_32_BIT_CONVERSION = YES;
				GCC_WARN_ABOUT_RETURN_TYPE = YES_ERROR;
				GCC_WARN_UNDECLARED_SELECTOR = YES;
				GCC_WARN_UNINITIALIZED_AUTOS = YES_AGGRESSIVE;
				GCC_WARN_UNUSED_FUNCTION = YES;
				GCC_WARN_UNUSED_VARIABLE = YES;
				IPHONEOS_DEPLOYMENT_TARGET = 16.2;
				MTL_ENABLE_DEBUG_INFO = NO;
				MTL_FAST_MATH = YES;
				SDKROOT = iphoneos;
				VALIDATE_PRODUCT = YES;
			};
			name = Release;
		};
		9DF937D22A413FD0001BD720 /* Debug */ = {
			isa = XCBuildConfiguration;
			buildSettings = {
				ASSETCATALOG_COMPILER_APPICON_NAME = AppIcon;
				ASSETCATALOG_COMPILER_GLOBAL_ACCENT_COLOR_NAME = AccentColor;
				CODE_SIGN_STYLE = Automatic;
				CURRENT_PROJECT_VERSION = 1;
				DEVELOPMENT_TEAM = KB7B8SQENU;
				GENERATE_INFOPLIST_FILE = YES;
				INFOPLIST_FILE = AssetsLook/Info.plist;
				INFOPLIST_KEY_UIApplicationSupportsIndirectInputEvents = YES;
				INFOPLIST_KEY_UILaunchStoryboardName = LaunchScreen;
				INFOPLIST_KEY_UIMainStoryboardFile = Main;
				INFOPLIST_KEY_UISupportedInterfaceOrientations_iPad = "UIInterfaceOrientationPortrait UIInterfaceOrientationPortraitUpsideDown UIInterfaceOrientationLandscapeLeft UIInterfaceOrientationLandscapeRight";
				INFOPLIST_KEY_UISupportedInterfaceOrientations_iPhone = "UIInterfaceOrientationPortrait UIInterfaceOrientationLandscapeLeft UIInterfaceOrientationLandscapeRight";
				IPHONEOS_DEPLOYMENT_TARGET = 13.0;
				LD_RUNPATH_SEARCH_PATHS = (
					"$(inherited)",
					"@executable_path/Frameworks",
				);
				MARKETING_VERSION = 1.0;
				PRODUCT_BUNDLE_IDENTIFIER = com.Lvmama.AssetsLook;
				PRODUCT_NAME = "$(TARGET_NAME)";
				SWIFT_EMIT_LOC_STRINGS = YES;
				TARGETED_DEVICE_FAMILY = "1,2";
			};
			name = Debug;
		};
		9DF937D32A413FD0001BD720 /* Release */ = {
			isa = XCBuildConfiguration;
			buildSettings = {
				ASSETCATALOG_COMPILER_APPICON_NAME = AppIcon;
				ASSETCATALOG_COMPILER_GLOBAL_ACCENT_COLOR_NAME = AccentColor;
				CODE_SIGN_STYLE = Automatic;
				CURRENT_PROJECT_VERSION = 1;
				DEVELOPMENT_TEAM = KB7B8SQENU;
				GENERATE_INFOPLIST_FILE = YES;
				INFOPLIST_FILE = AssetsLook/Info.plist;
				INFOPLIST_KEY_UIApplicationSupportsIndirectInputEvents = YES;
				INFOPLIST_KEY_UILaunchStoryboardName = LaunchScreen;
				INFOPLIST_KEY_UIMainStoryboardFile = Main;
				INFOPLIST_KEY_UISupportedInterfaceOrientations_iPad = "UIInterfaceOrientationPortrait UIInterfaceOrientationPortraitUpsideDown UIInterfaceOrientationLandscapeLeft UIInterfaceOrientationLandscapeRight";
				INFOPLIST_KEY_UISupportedInterfaceOrientations_iPhone = "UIInterfaceOrientationPortrait UIInterfaceOrientationLandscapeLeft UIInterfaceOrientationLandscapeRight";
				IPHONEOS_DEPLOYMENT_TARGET = 13.0;
				LD_RUNPATH_SEARCH_PATHS = (
					"$(inherited)",
					"@executable_path/Frameworks",
				);
				MARKETING_VERSION = 1.0;
				PRODUCT_BUNDLE_IDENTIFIER = com.Lvmama.AssetsLook;
				PRODUCT_NAME = "$(TARGET_NAME)";
				SWIFT_EMIT_LOC_STRINGS = YES;
				TARGETED_DEVICE_FAMILY = "1,2";
			};
			name = Release;
		};
/* End XCBuildConfiguration section */

/* Begin XCConfigurationList section */
		9DF937B32A413FCE001BD720 /* Build configuration list for PBXProject "AssetsLook" */ = {
			isa = XCConfigurationList;
			buildConfigurations = (
				9DF937CF2A413FD0001BD720 /* Debug */,
				9DF937D02A413FD0001BD720 /* Release */,
			);
			defaultConfigurationIsVisible = 0;
			defaultConfigurationName = Release;
		};
		9DF937D12A413FD0001BD720 /* Build configuration list for PBXNativeTarget "AssetsLook" */ = {
			isa = XCConfigurationList;
			buildConfigurations = (
				9DF937D22A413FD0001BD720 /* Debug */,
				9DF937D32A413FD0001BD720 /* Release */,
			);
			defaultConfigurationIsVisible = 0;
			defaultConfigurationName = Release;
		};
/* End XCConfigurationList section */
	};
	rootObject = 9DF937B02A413FCE001BD720 /* Project object */;
}
